# THIS IS AN AUTOGENERATED FILE. DO NOT EDIT THIS FILE DIRECTLY.
# yarn lockfile v1


three.interactive@^1.8.0:
  version "1.8.0"
  resolved "https://registry.yarnpkg.com/three.interactive/-/three.interactive-1.8.0.tgz#5ade7ba0317279154d1ab74d18dc402574446adb"
  integrity sha512-qnPHHE8enXYLETuVzD9RRAfL1dU55nH87sduzBbEiMUSl21HXc+OVnIaLVokYfJ/ktl2QeL6pocO4rTOHlDjGw==
